Microsoft Visual Studio Solution File, Format Version 11.00
# Visual Studio 2008

Project("{3EFE4CD3-E26E-7778-38F5-8D54549D50BC}") = "BinaryV2", "Assembly-CSharp-firstpass.csproj", "{8275C18B-F7FC-8A92-7BE7-B314A28BD90D}"
EndProject
Project("{3EFE4CD3-E26E-7778-38F5-8D54549D50BC}") = "BinaryV2", "Assembly-CSharp-Editor.csproj", "{D7056ADE-8C27-D89D-4891-996E58DAEC47}"
EndProject
Project("{3EFE4CD3-E26E-7778-38F5-8D54549D50BC}") = "BinaryV2", "Assembly-UnityScript.unityproj", "{0095F812-82DB-E166-8681-3B47B4010D38}"
EndProject
Project("{3EFE4CD3-E26E-7778-38F5-8D54549D50BC}") = "BinaryV2", "Assembly-UnityScript-Editor.unityproj", "{FE089E43-9EBA-BEFD-AEAD-4219C1198CC8}"
EndProject
Global
	GlobalSection(SolutionConfigurationPlatforms) = preSolution
		Debug|Any CPU = Debug|Any CPU
		Release|Any CPU = Release|Any CPU
	EndGlobalSection
	GlobalSection(ProjectConfigurationPlatforms) = postSolution
		{8275C18B-F7FC-8A92-7BE7-B314A28BD90D}.Debug|Any CPU.ActiveCfg = Debug|Any CPU
		{8275C18B-F7FC-8A92-7BE7-B314A28BD90D}.Debug|Any CPU.Build.0 = Debug|Any CPU
		{8275C18B-F7FC-8A92-7BE7-B314A28BD90D}.Release|Any CPU.ActiveCfg = Release|Any CPU
		{8275C18B-F7FC-8A92-7BE7-B314A28BD90D}.Release|Any CPU.Build.0 = Release|Any CPU
		{D7056ADE-8C27-D89D-4891-996E58DAEC47}.Debug|Any CPU.ActiveCfg = Debug|Any CPU
		{D7056ADE-8C27-D89D-4891-996E58DAEC47}.Debug|Any CPU.Build.0 = Debug|Any CPU
		{D7056ADE-8C27-D89D-4891-996E58DAEC47}.Release|Any CPU.ActiveCfg = Release|Any CPU
		{D7056ADE-8C27-D89D-4891-996E58DAEC47}.Release|Any CPU.Build.0 = Release|Any CPU
		{0095F812-82DB-E166-8681-3B47B4010D38}.Debug|Any CPU.ActiveCfg = Debug|Any CPU
		{0095F812-82DB-E166-8681-3B47B4010D38}.Debug|Any CPU.Build.0 = Debug|Any CPU
		{0095F812-82DB-E166-8681-3B47B4010D38}.Release|Any CPU.ActiveCfg = Release|Any CPU
		{0095F812-82DB-E166-8681-3B47B4010D38}.Release|Any CPU.Build.0 = Release|Any CPU
		{FE089E43-9EBA-BEFD-AEAD-4219C1198CC8}.Debug|Any CPU.ActiveCfg = Debug|Any CPU
		{FE089E43-9EBA-BEFD-AEAD-4219C1198CC8}.Debug|Any CPU.Build.0 = Debug|Any CPU
		{FE089E43-9EBA-BEFD-AEAD-4219C1198CC8}.Release|Any CPU.ActiveCfg = Release|Any CPU
		{FE089E43-9EBA-BEFD-AEAD-4219C1198CC8}.Release|Any CPU.Build.0 = Release|Any CPU
	EndGlobalSection
	GlobalSection(SolutionProperties) = preSolution
		HideSolutionNode = FALSE
	EndGlobalSection
																																																																GlobalSection(MonoDevelopProperties) = preSolution
		StartupItem = Assembly-CSharp.csproj
		Policies = $0
		$0.TextStylePolicy = $1
		$1.inheritsSet = null
		$1.scope = text/x-csharp
		$0.CSharpFormattingPolicy = $2
		$2.inheritsSet = Mono
		$2.inheritsScope = text/x-csharp
		$2.scope = text/x-csharp
		$0.TextStylePolicy = $3
		$3.FileWidth = 120
		$3.TabWidth = 4
		$3.EolMarker = Unix
		$3.inheritsSet = Mono
		$3.inheritsScope = text/plain
		$3.scope = text/plain
	EndGlobalSection

EndGlobal
